// !$*UTF8*$!
{
	archiveVersion = 1;
	classes = {
	};
	objectVersion = 56;
	objects = {

/* Begin PBXBuildFile section */
		A10001 /* LangPodApp.swift in Sources */ = {isa = PBXBuildFile; fileRef = A20001; };
		A10002 /* ContentView.swift in Sources */ = {isa = PBXBuildFile; fileRef = A20002; };
		A10003 /* Assets.xcassets in Resources */ = {isa = PBXBuildFile; fileRef = A20003; };
		A10004 /* DataStore.swift in Sources */ = {isa = PBXBuildFile; fileRef = A20004; };
		A10005 /* PodcastLevel.swift in Sources */ = {isa = PBXBuildFile; fileRef = A20005; };
		A10006 /* HomeView.swift in Sources */ = {isa = PBXBuildFile; fileRef = A20006; };
		A10007 /* VocabularyView.swift in Sources */ = {isa = PBXBuildFile; fileRef = A20007; };
		A10008 /* StatsView.swift in Sources */ = {isa = PBXBuildFile; fileRef = A20008; };
		A10009 /* ProfileView.swift in Sources */ = {isa = PBXBuildFile; fileRef = A20009; };
		A10010 /* PrivacyInfo.xcprivacy in Resources */ = {isa = PBXBuildFile; fileRef = A20010; };
		A10011 /* Episode.swift in Sources */ = {isa = PBXBuildFile; fileRef = A20013; };
		A10012 /* MockDataLoader.swift in Sources */ = {isa = PBXBuildFile; fileRef = A20014; };
		A10013 /* episodes_easy.json in Resources */ = {isa = PBXBuildFile; fileRef = A20015; };
		A10014 /* episodes_medium.json in Resources */ = {isa = PBXBuildFile; fileRef = A20016; };
		A10015 /* episodes_hard.json in Resources */ = {isa = PBXBuildFile; fileRef = A20017; };
		A10016 /* OnboardingView.swift in Sources */ = {isa = PBXBuildFile; fileRef = A20018; };
		A10017 /* Theme.swift in Sources */ = {isa = PBXBuildFile; fileRef = A20019; };
		A10018 /* AudioPlayer.swift in Sources */ = {isa = PBXBuildFile; fileRef = A20020; };
		A10019 /* PlayerView.swift in Sources */ = {isa = PBXBuildFile; fileRef = A20021; };
		A10020 /* SubtitleOverlay.swift in Sources */ = {isa = PBXBuildFile; fileRef = A20022; };
		A10021 /* EpisodeCompleteView.swift in Sources */ = {isa = PBXBuildFile; fileRef = A20023; };
		A10022 /* SavedWord.swift in Sources */ = {isa = PBXBuildFile; fileRef = A20024; };
		A10023 /* VocabularyStore.swift in Sources */ = {isa = PBXBuildFile; fileRef = A20025; };
		A10024 /* MemoryDetailView.swift in Sources */ = {isa = PBXBuildFile; fileRef = A20026; };
		A10025 /* MasteryDetailView.swift in Sources */ = {isa = PBXBuildFile; fileRef = A20027; };
		A10026 /* WordMatchView.swift in Sources */ = {isa = PBXBuildFile; fileRef = A20028; };
		A10027 /* FeynmanChallengeView.swift in Sources */ = {isa = PBXBuildFile; fileRef = A20029; };
		A10028 /* ListeningLevel.swift in Sources */ = {isa = PBXBuildFile; fileRef = A20030; };
		A10029 /* LevelUpView.swift in Sources */ = {isa = PBXBuildFile; fileRef = A20031; };
		A10030 /* ShareCardView.swift in Sources */ = {isa = PBXBuildFile; fileRef = A20032; };
		A10031 /* PaywallView.swift in Sources */ = {isa = PBXBuildFile; fileRef = A20033; };
		A10032 /* APIService.swift in Sources */ = {isa = PBXBuildFile; fileRef = A20034; };
		A10033 /* ListenedEpisode.swift in Sources */ = {isa = PBXBuildFile; fileRef = A20035; };
		A10040 /* EpisodeThumbnail.swift in Sources */ = {isa = PBXBuildFile; fileRef = A20042; };
		A10044 /* AllEpisodesView.swift in Sources */ = {isa = PBXBuildFile; fileRef = A20046; };
		B10001 /* ep-20260319-easy-001_en.mp3 in Resources */ = {isa = PBXBuildFile; fileRef = B20001; };
		B10002 /* ep-20260319-easy-001_zh.mp3 in Resources */ = {isa = PBXBuildFile; fileRef = B20002; };
		B10003 /* ep-20260319-hard-001_en.mp3 in Resources */ = {isa = PBXBuildFile; fileRef = B20003; };
		B10004 /* ep-20260319-hard-001_zh.mp3 in Resources */ = {isa = PBXBuildFile; fileRef = B20004; };
		B10005 /* ep-20260319-medium-001_en.mp3 in Resources */ = {isa = PBXBuildFile; fileRef = B20005; };
		B10006 /* ep-20260319-medium-001_zh.mp3 in Resources */ = {isa = PBXBuildFile; fileRef = B20006; };
		B10007 /* ep-20260320-easy-002_en.mp3 in Resources */ = {isa = PBXBuildFile; fileRef = B20007; };
		B10008 /* ep-20260320-easy-002_zh.mp3 in Resources */ = {isa = PBXBuildFile; fileRef = B20008; };
		B10009 /* ep-20260320-hard-002_en.mp3 in Resources */ = {isa = PBXBuildFile; fileRef = B20009; };
		B10010 /* ep-20260320-hard-002_zh.mp3 in Resources */ = {isa = PBXBuildFile; fileRef = B20010; };
		B10011 /* ep-20260320-medium-002_en.mp3 in Resources */ = {isa = PBXBuildFile; fileRef = B20011; };
		B10012 /* ep-20260320-medium-002_zh.mp3 in Resources */ = {isa = PBXBuildFile; fileRef = B20012; };
		B10013 /* ep-20260321-easy-003_en.mp3 in Resources */ = {isa = PBXBuildFile; fileRef = B20013; };
		B10014 /* ep-20260321-easy-003_zh.mp3 in Resources */ = {isa = PBXBuildFile; fileRef = B20014; };
		B10015 /* ep-20260321-hard-003_en.mp3 in Resources */ = {isa = PBXBuildFile; fileRef = B20015; };
		B10016 /* ep-20260321-hard-003_zh.mp3 in Resources */ = {isa = PBXBuildFile; fileRef = B20016; };
		B10017 /* ep-20260321-medium-003_en.mp3 in Resources */ = {isa = PBXBuildFile; fileRef = B20017; };
		B10018 /* ep-20260321-medium-003_zh.mp3 in Resources */ = {isa = PBXBuildFile; fileRef = B20018; };
		B10019 /* ep-20260322-easy-004_en.mp3 in Resources */ = {isa = PBXBuildFile; fileRef = B20019; };
		B10020 /* ep-20260322-easy-004_zh.mp3 in Resources */ = {isa = PBXBuildFile; fileRef = B20020; };
		B10021 /* ep-20260322-hard-004_en.mp3 in Resources */ = {isa = PBXBuildFile; fileRef = B20021; };
		B10022 /* ep-20260322-hard-004_zh.mp3 in Resources */ = {isa = PBXBuildFile; fileRef = B20022; };
		B10023 /* ep-20260322-medium-004_en.mp3 in Resources */ = {isa = PBXBuildFile; fileRef = B20023; };
		B10024 /* ep-20260322-medium-004_zh.mp3 in Resources */ = {isa = PBXBuildFile; fileRef = B20024; };
		B10025 /* ep-20260323-easy-005_en.mp3 in Resources */ = {isa = PBXBuildFile; fileRef = B20025; };
		B10026 /* ep-20260323-easy-005_zh.mp3 in Resources */ = {isa = PBXBuildFile; fileRef = B20026; };
		B10027 /* ep-20260323-hard-005_en.mp3 in Resources */ = {isa = PBXBuildFile; fileRef = B20027; };
		B10028 /* ep-20260323-hard-005_zh.mp3 in Resources */ = {isa = PBXBuildFile; fileRef = B20028; };
		B10029 /* ep-20260323-medium-005_en.mp3 in Resources */ = {isa = PBXBuildFile; fileRef = B20029; };
		B10030 /* ep-20260323-medium-005_zh.mp3 in Resources */ = {isa = PBXBuildFile; fileRef = B20030; };
		B10031 /* ep-20260324-easy-006_en.mp3 in Resources */ = {isa = PBXBuildFile; fileRef = B20031; };
		B10032 /* ep-20260324-easy-006_zh.mp3 in Resources */ = {isa = PBXBuildFile; fileRef = B20032; };
		B10033 /* ep-20260324-hard-006_en.mp3 in Resources */ = {isa = PBXBuildFile; fileRef = B20033; };
		B10034 /* ep-20260324-hard-006_zh.mp3 in Resources */ = {isa = PBXBuildFile; fileRef = B20034; };
		B10035 /* ep-20260324-medium-006_en.mp3 in Resources */ = {isa = PBXBuildFile; fileRef = B20035; };
		B10036 /* ep-20260324-medium-006_zh.mp3 in Resources */ = {isa = PBXBuildFile; fileRef = B20036; };
		B10037 /* ep-20260325-easy-007_en.mp3 in Resources */ = {isa = PBXBuildFile; fileRef = B20037; };
		B10038 /* ep-20260325-easy-007_zh.mp3 in Resources */ = {isa = PBXBuildFile; fileRef = B20038; };
		B10039 /* ep-20260325-hard-007_en.mp3 in Resources */ = {isa = PBXBuildFile; fileRef = B20039; };
		B10040 /* ep-20260325-hard-007_zh.mp3 in Resources */ = {isa = PBXBuildFile; fileRef = B20040; };
		B10041 /* ep-20260325-medium-007_en.mp3 in Resources */ = {isa = PBXBuildFile; fileRef = B20041; };
		B10042 /* ep-20260325-medium-007_zh.mp3 in Resources */ = {isa = PBXBuildFile; fileRef = B20042; };
		B10043 /* ep-20260326-easy-008_en.mp3 in Resources */ = {isa = PBXBuildFile; fileRef = B20043; };
		B10044 /* ep-20260326-easy-008_zh.mp3 in Resources */ = {isa = PBXBuildFile; fileRef = B20044; };
		B10045 /* ep-20260326-hard-008_en.mp3 in Resources */ = {isa = PBXBuildFile; fileRef = B20045; };
		B10046 /* ep-20260326-hard-008_zh.mp3 in Resources */ = {isa = PBXBuildFile; fileRef = B20046; };
		B10047 /* ep-20260326-medium-008_en.mp3 in Resources */ = {isa = PBXBuildFile; fileRef = B20047; };
		B10048 /* ep-20260326-medium-008_zh.mp3 in Resources */ = {isa = PBXBuildFile; fileRef = B20048; };
		B10049 /* ep-20260327-easy-009_en.mp3 in Resources */ = {isa = PBXBuildFile; fileRef = B20049; };
		B10050 /* ep-20260327-easy-009_zh.mp3 in Resources */ = {isa = PBXBuildFile; fileRef = B20050; };
		B10051 /* ep-20260327-hard-009_en.mp3 in Resources */ = {isa = PBXBuildFile; fileRef = B20051; };
		B10052 /* ep-20260327-hard-009_zh.mp3 in Resources */ = {isa = PBXBuildFile; fileRef = B20052; };
		B10053 /* ep-20260327-medium-009_en.mp3 in Resources */ = {isa = PBXBuildFile; fileRef = B20053; };
		B10054 /* ep-20260327-medium-009_zh.mp3 in Resources */ = {isa = PBXBuildFile; fileRef = B20054; };
		B10055 /* ep-20260328-easy-010_en.mp3 in Resources */ = {isa = PBXBuildFile; fileRef = B20055; };
		B10056 /* ep-20260328-easy-010_zh.mp3 in Resources */ = {isa = PBXBuildFile; fileRef = B20056; };
		B10057 /* ep-20260328-hard-010_en.mp3 in Resources */ = {isa = PBXBuildFile; fileRef = B20057; };
		B10058 /* ep-20260328-hard-010_zh.mp3 in Resources */ = {isa = PBXBuildFile; fileRef = B20058; };
		B10059 /* ep-20260328-medium-010_en.mp3 in Resources */ = {isa = PBXBuildFile; fileRef = B20059; };
		B10060 /* ep-20260328-medium-010_zh.mp3 in Resources */ = {isa = PBXBuildFile; fileRef = B20060; };
		B10061 /* ep-20260319-easy-001_cover.jpg in Resources */ = {isa = PBXBuildFile; fileRef = B20061; };
		B10062 /* ep-20260319-hard-001_cover.jpg in Resources */ = {isa = PBXBuildFile; fileRef = B20062; };
		B10063 /* ep-20260319-medium-001_cover.jpg in Resources */ = {isa = PBXBuildFile; fileRef = B20063; };
		B10064 /* ep-20260320-easy-002_cover.jpg in Resources */ = {isa = PBXBuildFile; fileRef = B20064; };
		B10065 /* ep-20260320-hard-002_cover.jpg in Resources */ = {isa = PBXBuildFile; fileRef = B20065; };
		B10066 /* ep-20260320-medium-002_cover.jpg in Resources */ = {isa = PBXBuildFile; fileRef = B20066; };
		B10067 /* ep-20260321-easy-003_cover.jpg in Resources */ = {isa = PBXBuildFile; fileRef = B20067; };
		B10068 /* ep-20260321-hard-003_cover.jpg in Resources */ = {isa = PBXBuildFile; fileRef = B20068; };
		B10069 /* ep-20260321-medium-003_cover.jpg in Resources */ = {isa = PBXBuildFile; fileRef = B20069; };
		B10070 /* ep-20260322-easy-004_cover.jpg in Resources */ = {isa = PBXBuildFile; fileRef = B20070; };
		B10071 /* ep-20260322-hard-004_cover.jpg in Resources */ = {isa = PBXBuildFile; fileRef = B20071; };
		B10072 /* ep-20260322-medium-004_cover.jpg in Resources */ = {isa = PBXBuildFile; fileRef = B20072; };
		B10073 /* ep-20260323-easy-005_cover.jpg in Resources */ = {isa = PBXBuildFile; fileRef = B20073; };
		B10074 /* ep-20260323-hard-005_cover.jpg in Resources */ = {isa = PBXBuildFile; fileRef = B20074; };
		B10075 /* ep-20260323-medium-005_cover.jpg in Resources */ = {isa = PBXBuildFile; fileRef = B20075; };
		B10076 /* ep-20260324-easy-006_cover.jpg in Resources */ = {isa = PBXBuildFile; fileRef = B20076; };
		B10077 /* ep-20260324-hard-006_cover.jpg in Resources */ = {isa = PBXBuildFile; fileRef = B20077; };
		B10078 /* ep-20260324-medium-006_cover.jpg in Resources */ = {isa = PBXBuildFile; fileRef = B20078; };
		B10079 /* ep-20260325-easy-007_cover.jpg in Resources */ = {isa = PBXBuildFile; fileRef = B20079; };
		B10080 /* ep-20260325-hard-007_cover.jpg in Resources */ = {isa = PBXBuildFile; fileRef = B20080; };
		B10081 /* ep-20260325-medium-007_cover.jpg in Resources */ = {isa = PBXBuildFile; fileRef = B20081; };
		B10082 /* ep-20260326-easy-008_cover.jpg in Resources */ = {isa = PBXBuildFile; fileRef = B20082; };
		B10083 /* ep-20260326-hard-008_cover.jpg in Resources */ = {isa = PBXBuildFile; fileRef = B20083; };
		B10084 /* ep-20260326-medium-008_cover.jpg in Resources */ = {isa = PBXBuildFile; fileRef = B20084; };
		B10085 /* ep-20260327-easy-009_cover.jpg in Resources */ = {isa = PBXBuildFile; fileRef = B20085; };
		B10086 /* ep-20260327-hard-009_cover.jpg in Resources */ = {isa = PBXBuildFile; fileRef = B20086; };
		B10087 /* ep-20260327-medium-009_cover.jpg in Resources */ = {isa = PBXBuildFile; fileRef = B20087; };
		B10088 /* ep-20260328-easy-010_cover.jpg in Resources */ = {isa = PBXBuildFile; fileRef = B20088; };
		B10089 /* ep-20260328-hard-010_cover.jpg in Resources */ = {isa = PBXBuildFile; fileRef = B20089; };
		B10090 /* ep-20260328-medium-010_cover.jpg in Resources */ = {isa = PBXBuildFile; fileRef = B20090; };
		B30001 /* EpisodeToast.swift in Sources */ = {isa = PBXBuildFile; fileRef = B30002; };
		B40001 /* WordSpeaker.swift in Sources */ = {isa = PBXBuildFile; fileRef = B40002; };
		C10001 /* ep-20260330-easy-001_cover.jpg in Resources */ = {isa = PBXBuildFile; fileRef = C20001; };
		C10002 /* ep-20260330-easy-001_en.mp3 in Resources */ = {isa = PBXBuildFile; fileRef = C20002; };
		C10003 /* ep-20260330-easy-001_zh.mp3 in Resources */ = {isa = PBXBuildFile; fileRef = C20003; };
		C10004 /* ep-20260330-easy-002_cover.jpg in Resources */ = {isa = PBXBuildFile; fileRef = C20004; };
		C10005 /* ep-20260330-easy-002_en.mp3 in Resources */ = {isa = PBXBuildFile; fileRef = C20005; };
		C10006 /* ep-20260330-easy-002_zh.mp3 in Resources */ = {isa = PBXBuildFile; fileRef = C20006; };
		C10007 /* ep-20260330-hard-001_cover.jpg in Resources */ = {isa = PBXBuildFile; fileRef = C20007; };
		C10008 /* ep-20260330-hard-001_en.mp3 in Resources */ = {isa = PBXBuildFile; fileRef = C20008; };
		C10009 /* ep-20260330-hard-001_zh.mp3 in Resources */ = {isa = PBXBuildFile; fileRef = C20009; };
		C10010 /* ep-20260330-hard-002_cover.jpg in Resources */ = {isa = PBXBuildFile; fileRef = C20010; };
		C10011 /* ep-20260330-hard-002_en.mp3 in Resources */ = {isa = PBXBuildFile; fileRef = C20011; };
		C10012 /* ep-20260330-hard-002_zh.mp3 in Resources */ = {isa = PBXBuildFile; fileRef = C20012; };
		C10013 /* ep-20260330-medium-001_cover.jpg in Resources */ = {isa = PBXBuildFile; fileRef = C20013; };
		C10014 /* ep-20260330-medium-001_en.mp3 in Resources */ = {isa = PBXBuildFile; fileRef = C20014; };
		C10015 /* ep-20260330-medium-001_zh.mp3 in Resources */ = {isa = PBXBuildFile; fileRef = C20015; };
		C10016 /* ep-20260330-medium-002_cover.jpg in Resources */ = {isa = PBXBuildFile; fileRef = C20016; };
		C10017 /* ep-20260330-medium-002_en.mp3 in Resources */ = {isa = PBXBuildFile; fileRef = C20017; };
		C10018 /* ep-20260330-medium-002_zh.mp3 in Resources */ = {isa = PBXBuildFile; fileRef = C20018; };
		D10001 /* AchievementsPage.swift in Sources */ = {isa = PBXBuildFile; fileRef = D20001; };
/* End PBXBuildFile section */

/* Begin PBXFileReference section */
		A20001 /* LangPodApp.swift */ = {isa = PBXFileReference; lastKnownFileType = sourcecode.swift; path = LangPodApp.swift; sourceTree = "<group>"; };
		A20002 /* ContentView.swift */ = {isa = PBXFileReference; lastKnownFileType = sourcecode.swift; path = ContentView.swift; sourceTree = "<group>"; };
		A20003 /* Assets.xcassets */ = {isa = PBXFileReference; lastKnownFileType = folder.assetcatalog; path = Assets.xcassets; sourceTree = "<group>"; };
		A20004 /* DataStore.swift */ = {isa = PBXFileReference; lastKnownFileType = sourcecode.swift; path = DataStore.swift; sourceTree = "<group>"; };
		A20005 /* PodcastLevel.swift */ = {isa = PBXFileReference; lastKnownFileType = sourcecode.swift; path = PodcastLevel.swift; sourceTree = "<group>"; };
		A20006 /* HomeView.swift */ = {isa = PBXFileReference; lastKnownFileType = sourcecode.swift; path = HomeView.swift; sourceTree = "<group>"; };
		A20007 /* VocabularyView.swift */ = {isa = PBXFileReference; lastKnownFileType = sourcecode.swift; path = VocabularyView.swift; sourceTree = "<group>"; };
		A20008 /* StatsView.swift */ = {isa = PBXFileReference; lastKnownFileType = sourcecode.swift; path = StatsView.swift; sourceTree = "<group>"; };
		A20009 /* ProfileView.swift */ = {isa = PBXFileReference; lastKnownFileType = sourcecode.swift; path = ProfileView.swift; sourceTree = "<group>"; };
		A20010 /* PrivacyInfo.xcprivacy */ = {isa = PBXFileReference; lastKnownFileType = text.xml; path = PrivacyInfo.xcprivacy; sourceTree = "<group>"; };
		A20011 /* Info.plist */ = {isa = PBXFileReference; lastKnownFileType = text.plist.xml; path = Info.plist; sourceTree = "<group>"; };
		A20012 /* LangPod.entitlements */ = {isa = PBXFileReference; lastKnownFileType = text.plist.entitlements; path = LangPod.entitlements; sourceTree = "<group>"; };
		A20013 /* Episode.swift */ = {isa = PBXFileReference; lastKnownFileType = sourcecode.swift; path = Episode.swift; sourceTree = "<group>"; };
		A20014 /* MockDataLoader.swift */ = {isa = PBXFileReference; lastKnownFileType = sourcecode.swift; path = MockDataLoader.swift; sourceTree = "<group>"; };
		A20015 /* episodes_easy.json */ = {isa = PBXFileReference; lastKnownFileType = text.json; path = episodes_easy.json; sourceTree = "<group>"; };
		A20016 /* episodes_medium.json */ = {isa = PBXFileReference; lastKnownFileType = text.json; path = episodes_medium.json; sourceTree = "<group>"; };
		A20017 /* episodes_hard.json */ = {isa = PBXFileReference; lastKnownFileType = text.json; path = episodes_hard.json; sourceTree = "<group>"; };
		A20018 /* OnboardingView.swift */ = {isa = PBXFileReference; lastKnownFileType = sourcecode.swift; path = OnboardingView.swift; sourceTree = "<group>"; };
		A20019 /* Theme.swift */ = {isa = PBXFileReference; lastKnownFileType = sourcecode.swift; path = Theme.swift; sourceTree = "<group>"; };
		A20020 /* AudioPlayer.swift */ = {isa = PBXFileReference; lastKnownFileType = sourcecode.swift; path = AudioPlayer.swift; sourceTree = "<group>"; };
		A20021 /* PlayerView.swift */ = {isa = PBXFileReference; lastKnownFileType = sourcecode.swift; path = PlayerView.swift; sourceTree = "<group>"; };
		A20022 /* SubtitleOverlay.swift */ = {isa = PBXFileReference; lastKnownFileType = sourcecode.swift; path = SubtitleOverlay.swift; sourceTree = "<group>"; };
		A20023 /* EpisodeCompleteView.swift */ = {isa = PBXFileReference; lastKnownFileType = sourcecode.swift; path = EpisodeCompleteView.swift; sourceTree = "<group>"; };
		A20024 /* SavedWord.swift */ = {isa = PBXFileReference; lastKnownFileType = sourcecode.swift; path = SavedWord.swift; sourceTree = "<group>"; };
		A20025 /* VocabularyStore.swift */ = {isa = PBXFileReference; lastKnownFileType = sourcecode.swift; path = VocabularyStore.swift; sourceTree = "<group>"; };
		A20026 /* MemoryDetailView.swift */ = {isa = PBXFileReference; lastKnownFileType = sourcecode.swift; path = MemoryDetailView.swift; sourceTree = "<group>"; };
		A20027 /* MasteryDetailView.swift */ = {isa = PBXFileReference; lastKnownFileType = sourcecode.swift; path = MasteryDetailView.swift; sourceTree = "<group>"; };
		A20028 /* WordMatchView.swift */ = {isa = PBXFileReference; lastKnownFileType = sourcecode.swift; path = WordMatchView.swift; sourceTree = "<group>"; };
		A20029 /* FeynmanChallengeView.swift */ = {isa = PBXFileReference; lastKnownFileType = sourcecode.swift; path = FeynmanChallengeView.swift; sourceTree = "<group>"; };
		A20030 /* ListeningLevel.swift */ = {isa = PBXFileReference; lastKnownFileType = sourcecode.swift; path = ListeningLevel.swift; sourceTree = "<group>"; };
		A20031 /* LevelUpView.swift */ = {isa = PBXFileReference; lastKnownFileType = sourcecode.swift; path = LevelUpView.swift; sourceTree = "<group>"; };
		A20032 /* ShareCardView.swift */ = {isa = PBXFileReference; lastKnownFileType = sourcecode.swift; path = ShareCardView.swift; sourceTree = "<group>"; };
		A20033 /* PaywallView.swift */ = {isa = PBXFileReference; lastKnownFileType = sourcecode.swift; path = PaywallView.swift; sourceTree = "<group>"; };
		A20034 /* APIService.swift */ = {isa = PBXFileReference; lastKnownFileType = sourcecode.swift; path = APIService.swift; sourceTree = "<group>"; };
		A20035 /* ListenedEpisode.swift */ = {isa = PBXFileReference; lastKnownFileType = sourcecode.swift; path = ListenedEpisode.swift; sourceTree = "<group>"; };
		A20042 /* EpisodeThumbnail.swift */ = {isa = PBXFileReference; lastKnownFileType = sourcecode.swift; path = EpisodeThumbnail.swift; sourceTree = "<group>"; };
		A20046 /* AllEpisodesView.swift */ = {isa = PBXFileReference; lastKnownFileType = sourcecode.swift; path = AllEpisodesView.swift; sourceTree = "<group>"; };
		A30001 /* LangPod.app */ = {isa = PBXFileReference; explicitFileType = wrapper.application; includeInIndex = 0; path = LangPod.app; sourceTree = BUILT_PRODUCTS_DIR; };
		B20001 /* ep-20260319-easy-001_en.mp3 */ = {isa = PBXFileReference; lastKnownFileType = audio.mp3; path = ep-20260319-easy-001_en.mp3; sourceTree = "<group>"; };
		B20002 /* ep-20260319-easy-001_zh.mp3 */ = {isa = PBXFileReference; lastKnownFileType = audio.mp3; path = ep-20260319-easy-001_zh.mp3; sourceTree = "<group>"; };
		B20003 /* ep-20260319-hard-001_en.mp3 */ = {isa = PBXFileReference; lastKnownFileType = audio.mp3; path = ep-20260319-hard-001_en.mp3; sourceTree = "<group>"; };
		B20004 /* ep-20260319-hard-001_zh.mp3 */ = {isa = PBXFileReference; lastKnownFileType = audio.mp3; path = ep-20260319-hard-001_zh.mp3; sourceTree = "<group>"; };
		B20005 /* ep-20260319-medium-001_en.mp3 */ = {isa = PBXFileReference; lastKnownFileType = audio.mp3; path = ep-20260319-medium-001_en.mp3; sourceTree = "<group>"; };
		B20006 /* ep-20260319-medium-001_zh.mp3 */ = {isa = PBXFileReference; lastKnownFileType = audio.mp3; path = ep-20260319-medium-001_zh.mp3; sourceTree = "<group>"; };
		B20007 /* ep-20260320-easy-002_en.mp3 */ = {isa = PBXFileReference; lastKnownFileType = audio.mp3; path = ep-20260320-easy-002_en.mp3; sourceTree = "<group>"; };
		B20008 /* ep-20260320-easy-002_zh.mp3 */ = {isa = PBXFileReference; lastKnownFileType = audio.mp3; path = ep-20260320-easy-002_zh.mp3; sourceTree = "<group>"; };
		B20009 /* ep-20260320-hard-002_en.mp3 */ = {isa = PBXFileReference; lastKnownFileType = audio.mp3; path = ep-20260320-hard-002_en.mp3; sourceTree = "<group>"; };
		B20010 /* ep-20260320-hard-002_zh.mp3 */ = {isa = PBXFileReference; lastKnownFileType = audio.mp3; path = ep-20260320-hard-002_zh.mp3; sourceTree = "<group>"; };
		B20011 /* ep-20260320-medium-002_en.mp3 */ = {isa = PBXFileReference; lastKnownFileType = audio.mp3; path = ep-20260320-medium-002_en.mp3; sourceTree = "<group>"; };
		B20012 /* ep-20260320-medium-002_zh.mp3 */ = {isa = PBXFileReference; lastKnownFileType = audio.mp3; path = ep-20260320-medium-002_zh.mp3; sourceTree = "<group>"; };
		B20013 /* ep-20260321-easy-003_en.mp3 */ = {isa = PBXFileReference; lastKnownFileType = audio.mp3; path = ep-20260321-easy-003_en.mp3; sourceTree = "<group>"; };
		B20014 /* ep-20260321-easy-003_zh.mp3 */ = {isa = PBXFileReference; lastKnownFileType = audio.mp3; path = ep-20260321-easy-003_zh.mp3; sourceTree = "<group>"; };
		B20015 /* ep-20260321-hard-003_en.mp3 */ = {isa = PBXFileReference; lastKnownFileType = audio.mp3; path = ep-20260321-hard-003_en.mp3; sourceTree = "<group>"; };
		B20016 /* ep-20260321-hard-003_zh.mp3 */ = {isa = PBXFileReference; lastKnownFileType = audio.mp3; path = ep-20260321-hard-003_zh.mp3; sourceTree = "<group>"; };
		B20017 /* ep-20260321-medium-003_en.mp3 */ = {isa = PBXFileReference; lastKnownFileType = audio.mp3; path = ep-20260321-medium-003_en.mp3; sourceTree = "<group>"; };
		B20018 /* ep-20260321-medium-003_zh.mp3 */ = {isa = PBXFileReference; lastKnownFileType = audio.mp3; path = ep-20260321-medium-003_zh.mp3; sourceTree = "<group>"; };
		B20019 /* ep-20260322-easy-004_en.mp3 */ = {isa = PBXFileReference; lastKnownFileType = audio.mp3; path = ep-20260322-easy-004_en.mp3; sourceTree = "<group>"; };
		B20020 /* ep-20260322-easy-004_zh.mp3 */ = {isa = PBXFileReference; lastKnownFileType = audio.mp3; path = ep-20260322-easy-004_zh.mp3; sourceTree = "<group>"; };
		B20021 /* ep-20260322-hard-004_en.mp3 */ = {isa = PBXFileReference; lastKnownFileType = audio.mp3; path = ep-20260322-hard-004_en.mp3; sourceTree = "<group>"; };
		B20022 /* ep-20260322-hard-004_zh.mp3 */ = {isa = PBXFileReference; lastKnownFileType = audio.mp3; path = ep-20260322-hard-004_zh.mp3; sourceTree = "<group>"; };
		B20023 /* ep-20260322-medium-004_en.mp3 */ = {isa = PBXFileReference; lastKnownFileType = audio.mp3; path = ep-20260322-medium-004_en.mp3; sourceTree = "<group>"; };
		B20024 /* ep-20260322-medium-004_zh.mp3 */ = {isa = PBXFileReference; lastKnownFileType = audio.mp3; path = ep-20260322-medium-004_zh.mp3; sourceTree = "<group>"; };
		B20025 /* ep-20260323-easy-005_en.mp3 */ = {isa = PBXFileReference; lastKnownFileType = audio.mp3; path = ep-20260323-easy-005_en.mp3; sourceTree = "<group>"; };
		B20026 /* ep-20260323-easy-005_zh.mp3 */ = {isa = PBXFileReference; lastKnownFileType = audio.mp3; path = ep-20260323-easy-005_zh.mp3; sourceTree = "<group>"; };
		B20027 /* ep-20260323-hard-005_en.mp3 */ = {isa = PBXFileReference; lastKnownFileType = audio.mp3; path = ep-20260323-hard-005_en.mp3; sourceTree = "<group>"; };
		B20028 /* ep-20260323-hard-005_zh.mp3 */ = {isa = PBXFileReference; lastKnownFileType = audio.mp3; path = ep-20260323-hard-005_zh.mp3; sourceTree = "<group>"; };
		B20029 /* ep-20260323-medium-005_en.mp3 */ = {isa = PBXFileReference; lastKnownFileType = audio.mp3; path = ep-20260323-medium-005_en.mp3; sourceTree = "<group>"; };
		B20030 /* ep-20260323-medium-005_zh.mp3 */ = {isa = PBXFileReference; lastKnownFileType = audio.mp3; path = ep-20260323-medium-005_zh.mp3; sourceTree = "<group>"; };
		B20031 /* ep-20260324-easy-006_en.mp3 */ = {isa = PBXFileReference; lastKnownFileType = audio.mp3; path = ep-20260324-easy-006_en.mp3; sourceTree = "<group>"; };
		B20032 /* ep-20260324-easy-006_zh.mp3 */ = {isa = PBXFileReference; lastKnownFileType = audio.mp3; path = ep-20260324-easy-006_zh.mp3; sourceTree = "<group>"; };
		B20033 /* ep-20260324-hard-006_en.mp3 */ = {isa = PBXFileReference; lastKnownFileType = audio.mp3; path = ep-20260324-hard-006_en.mp3; sourceTree = "<group>"; };
		B20034 /* ep-20260324-hard-006_zh.mp3 */ = {isa = PBXFileReference; lastKnownFileType = audio.mp3; path = ep-20260324-hard-006_zh.mp3; sourceTree = "<group>"; };
		B20035 /* ep-20260324-medium-006_en.mp3 */ = {isa = PBXFileReference; lastKnownFileType = audio.mp3; path = ep-20260324-medium-006_en.mp3; sourceTree = "<group>"; };
		B20036 /* ep-20260324-medium-006_zh.mp3 */ = {isa = PBXFileReference; lastKnownFileType = audio.mp3; path = ep-20260324-medium-006_zh.mp3; sourceTree = "<group>"; };
		B20037 /* ep-20260325-easy-007_en.mp3 */ = {isa = PBXFileReference; lastKnownFileType = audio.mp3; path = ep-20260325-easy-007_en.mp3; sourceTree = "<group>"; };
		B20038 /* ep-20260325-easy-007_zh.mp3 */ = {isa = PBXFileReference; lastKnownFileType = audio.mp3; path = ep-20260325-easy-007_zh.mp3; sourceTree = "<group>"; };
		B20039 /* ep-20260325-hard-007_en.mp3 */ = {isa = PBXFileReference; lastKnownFileType = audio.mp3; path = ep-20260325-hard-007_en.mp3; sourceTree = "<group>"; };
		B20040 /* ep-20260325-hard-007_zh.mp3 */ = {isa = PBXFileReference; lastKnownFileType = audio.mp3; path = ep-20260325-hard-007_zh.mp3; sourceTree = "<group>"; };
		B20041 /* ep-20260325-medium-007_en.mp3 */ = {isa = PBXFileReference; lastKnownFileType = audio.mp3; path = ep-20260325-medium-007_en.mp3; sourceTree = "<group>"; };
		B20042 /* ep-20260325-medium-007_zh.mp3 */ = {isa = PBXFileReference; lastKnownFileType = audio.mp3; path = ep-20260325-medium-007_zh.mp3; sourceTree = "<group>"; };
		B20043 /* ep-20260326-easy-008_en.mp3 */ = {isa = PBXFileReference; lastKnownFileType = audio.mp3; path = ep-20260326-easy-008_en.mp3; sourceTree = "<group>"; };
		B20044 /* ep-20260326-easy-008_zh.mp3 */ = {isa = PBXFileReference; lastKnownFileType = audio.mp3; path = ep-20260326-easy-008_zh.mp3; sourceTree = "<group>"; };
		B20045 /* ep-20260326-hard-008_en.mp3 */ = {isa = PBXFileReference; lastKnownFileType = audio.mp3; path = ep-20260326-hard-008_en.mp3; sourceTree = "<group>"; };
		B20046 /* ep-20260326-hard-008_zh.mp3 */ = {isa = PBXFileReference; lastKnownFileType = audio.mp3; path = ep-20260326-hard-008_zh.mp3; sourceTree = "<group>"; };
		B20047 /* ep-20260326-medium-008_en.mp3 */ = {isa = PBXFileReference; lastKnownFileType = audio.mp3; path = ep-20260326-medium-008_en.mp3; sourceTree = "<group>"; };
		B20048 /* ep-20260326-medium-008_zh.mp3 */ = {isa = PBXFileReference; lastKnownFileType = audio.mp3; path = ep-20260326-medium-008_zh.mp3; sourceTree = "<group>"; };
		B20049 /* ep-20260327-easy-009_en.mp3 */ = {isa = PBXFileReference; lastKnownFileType = audio.mp3; path = ep-20260327-easy-009_en.mp3; sourceTree = "<group>"; };
		B20050 /* ep-20260327-easy-009_zh.mp3 */ = {isa = PBXFileReference; lastKnownFileType = audio.mp3; path = ep-20260327-easy-009_zh.mp3; sourceTree = "<group>"; };
		B20051 /* ep-20260327-hard-009_en.mp3 */ = {isa = PBXFileReference; lastKnownFileType = audio.mp3; path = ep-20260327-hard-009_en.mp3; sourceTree = "<group>"; };
		B20052 /* ep-20260327-hard-009_zh.mp3 */ = {isa = PBXFileReference; lastKnownFileType = audio.mp3; path = ep-20260327-hard-009_zh.mp3; sourceTree = "<group>"; };
		B20053 /* ep-20260327-medium-009_en.mp3 */ = {isa = PBXFileReference; lastKnownFileType = audio.mp3; path = ep-20260327-medium-009_en.mp3; sourceTree = "<group>"; };
		B20054 /* ep-20260327-medium-009_zh.mp3 */ = {isa = PBXFileReference; lastKnownFileType = audio.mp3; path = ep-20260327-medium-009_zh.mp3; sourceTree = "<group>"; };
		B20055 /* ep-20260328-easy-010_en.mp3 */ = {isa = PBXFileReference; lastKnownFileType = audio.mp3; path = ep-20260328-easy-010_en.mp3; sourceTree = "<group>"; };
		B20056 /* ep-20260328-easy-010_zh.mp3 */ = {isa = PBXFileReference; lastKnownFileType = audio.mp3; path = ep-20260328-easy-010_zh.mp3; sourceTree = "<group>"; };
		B20057 /* ep-20260328-hard-010_en.mp3 */ = {isa = PBXFileReference; lastKnownFileType = audio.mp3; path = ep-20260328-hard-010_en.mp3; sourceTree = "<group>"; };
		B20058 /* ep-20260328-hard-010_zh.mp3 */ = {isa = PBXFileReference; lastKnownFileType = audio.mp3; path = ep-20260328-hard-010_zh.mp3; sourceTree = "<group>"; };
		B20059 /* ep-20260328-medium-010_en.mp3 */ = {isa = PBXFileReference; lastKnownFileType = audio.mp3; path = ep-20260328-medium-010_en.mp3; sourceTree = "<group>"; };
		B20060 /* ep-20260328-medium-010_zh.mp3 */ = {isa = PBXFileReference; lastKnownFileType = audio.mp3; path = ep-20260328-medium-010_zh.mp3; sourceTree = "<group>"; };
		B20061 /* ep-20260319-easy-001_cover.jpg */ = {isa = PBXFileReference; lastKnownFileType = image.jpeg; path = ep-20260319-easy-001_cover.jpg; sourceTree = "<group>"; };
		B20062 /* ep-20260319-hard-001_cover.jpg */ = {isa = PBXFileReference; lastKnownFileType = image.jpeg; path = ep-20260319-hard-001_cover.jpg; sourceTree = "<group>"; };
		B20063 /* ep-20260319-medium-001_cover.jpg */ = {isa = PBXFileReference; lastKnownFileType = image.jpeg; path = ep-20260319-medium-001_cover.jpg; sourceTree = "<group>"; };
		B20064 /* ep-20260320-easy-002_cover.jpg */ = {isa = PBXFileReference; lastKnownFileType = image.jpeg; path = ep-20260320-easy-002_cover.jpg; sourceTree = "<group>"; };
		B20065 /* ep-20260320-hard-002_cover.jpg */ = {isa = PBXFileReference; lastKnownFileType = image.jpeg; path = ep-20260320-hard-002_cover.jpg; sourceTree = "<group>"; };
		B20066 /* ep-20260320-medium-002_cover.jpg */ = {isa = PBXFileReference; lastKnownFileType = image.jpeg; path = ep-20260320-medium-002_cover.jpg; sourceTree = "<group>"; };
		B20067 /* ep-20260321-easy-003_cover.jpg */ = {isa = PBXFileReference; lastKnownFileType = image.jpeg; path = ep-20260321-easy-003_cover.jpg; sourceTree = "<group>"; };
		B20068 /* ep-20260321-hard-003_cover.jpg */ = {isa = PBXFileReference; lastKnownFileType = image.jpeg; path = ep-20260321-hard-003_cover.jpg; sourceTree = "<group>"; };
		B20069 /* ep-20260321-medium-003_cover.jpg */ = {isa = PBXFileReference; lastKnownFileType = image.jpeg; path = ep-20260321-medium-003_cover.jpg; sourceTree = "<group>"; };
		B20070 /* ep-20260322-easy-004_cover.jpg */ = {isa = PBXFileReference; lastKnownFileType = image.jpeg; path = ep-20260322-easy-004_cover.jpg; sourceTree = "<group>"; };
		B20071 /* ep-20260322-hard-004_cover.jpg */ = {isa = PBXFileReference; lastKnownFileType = image.jpeg; path = ep-20260322-hard-004_cover.jpg; sourceTree = "<group>"; };
		B20072 /* ep-20260322-medium-004_cover.jpg */ = {isa = PBXFileReference; lastKnownFileType = image.jpeg; path = ep-20260322-medium-004_cover.jpg; sourceTree = "<group>"; };
		B20073 /* ep-20260323-easy-005_cover.jpg */ = {isa = PBXFileReference; lastKnownFileType = image.jpeg; path = ep-20260323-easy-005_cover.jpg; sourceTree = "<group>"; };
		B20074 /* ep-20260323-hard-005_cover.jpg */ = {isa = PBXFileReference; lastKnownFileType = image.jpeg; path = ep-20260323-hard-005_cover.jpg; sourceTree = "<group>"; };
		B20075 /* ep-20260323-medium-005_cover.jpg */ = {isa = PBXFileReference; lastKnownFileType = image.jpeg; path = ep-20260323-medium-005_cover.jpg; sourceTree = "<group>"; };
		B20076 /* ep-20260324-easy-006_cover.jpg */ = {isa = PBXFileReference; lastKnownFileType = image.jpeg; path = ep-20260324-easy-006_cover.jpg; sourceTree = "<group>"; };
		B20077 /* ep-20260324-hard-006_cover.jpg */ = {isa = PBXFileReference; lastKnownFileType = image.jpeg; path = ep-20260324-hard-006_cover.jpg; sourceTree = "<group>"; };
		B20078 /* ep-20260324-medium-006_cover.jpg */ = {isa = PBXFileReference; lastKnownFileType = image.jpeg; path = ep-20260324-medium-006_cover.jpg; sourceTree = "<group>"; };
		B20079 /* ep-20260325-easy-007_cover.jpg */ = {isa = PBXFileReference; lastKnownFileType = image.jpeg; path = ep-20260325-easy-007_cover.jpg; sourceTree = "<group>"; };
		B20080 /* ep-20260325-hard-007_cover.jpg */ = {isa = PBXFileReference; lastKnownFileType = image.jpeg; path = ep-20260325-hard-007_cover.jpg; sourceTree = "<group>"; };
		B20081 /* ep-20260325-medium-007_cover.jpg */ = {isa = PBXFileReference; lastKnownFileType = image.jpeg; path = ep-20260325-medium-007_cover.jpg; sourceTree = "<group>"; };
		B20082 /* ep-20260326-easy-008_cover.jpg */ = {isa = PBXFileReference; lastKnownFileType = image.jpeg; path = ep-20260326-easy-008_cover.jpg; sourceTree = "<group>"; };
		B20083 /* ep-20260326-hard-008_cover.jpg */ = {isa = PBXFileReference; lastKnownFileType = image.jpeg; path = ep-20260326-hard-008_cover.jpg; sourceTree = "<group>"; };
		B20084 /* ep-20260326-medium-008_cover.jpg */ = {isa = PBXFileReference; lastKnownFileType = image.jpeg; path = ep-20260326-medium-008_cover.jpg; sourceTree = "<group>"; };
		B20085 /* ep-20260327-easy-009_cover.jpg */ = {isa = PBXFileReference; lastKnownFileType = image.jpeg; path = ep-20260327-easy-009_cover.jpg; sourceTree = "<group>"; };
		B20086 /* ep-20260327-hard-009_cover.jpg */ = {isa = PBXFileReference; lastKnownFileType = image.jpeg; path = ep-20260327-hard-009_cover.jpg; sourceTree = "<group>"; };
		B20087 /* ep-20260327-medium-009_cover.jpg */ = {isa = PBXFileReference; lastKnownFileType = image.jpeg; path = ep-20260327-medium-009_cover.jpg; sourceTree = "<group>"; };
		B20088 /* ep-20260328-easy-010_cover.jpg */ = {isa = PBXFileReference; lastKnownFileType = image.jpeg; path = ep-20260328-easy-010_cover.jpg; sourceTree = "<group>"; };
		B20089 /* ep-20260328-hard-010_cover.jpg */ = {isa = PBXFileReference; lastKnownFileType = image.jpeg; path = ep-20260328-hard-010_cover.jpg; sourceTree = "<group>"; };
		B20090 /* ep-20260328-medium-010_cover.jpg */ = {isa = PBXFileReference; lastKnownFileType = image.jpeg; path = ep-20260328-medium-010_cover.jpg; sourceTree = "<group>"; };
		B30002 /* EpisodeToast.swift */ = {isa = PBXFileReference; lastKnownFileType = sourcecode.swift; path = EpisodeToast.swift; sourceTree = "<group>"; };
		B40002 /* WordSpeaker.swift */ = {isa = PBXFileReference; lastKnownFileType = sourcecode.swift; path = WordSpeaker.swift; sourceTree = "<group>"; };
		C20001 /* ep-20260330-easy-001_cover.jpg */ = {isa = PBXFileReference; lastKnownFileType = image.jpeg; path = ep-20260330-easy-001_cover.jpg; sourceTree = "<group>"; };
		C20002 /* ep-20260330-easy-001_en.mp3 */ = {isa = PBXFileReference; lastKnownFileType = audio.mp3; path = ep-20260330-easy-001_en.mp3; sourceTree = "<group>"; };
		C20003 /* ep-20260330-easy-001_zh.mp3 */ = {isa = PBXFileReference; lastKnownFileType = audio.mp3; path = ep-20260330-easy-001_zh.mp3; sourceTree = "<group>"; };
		C20004 /* ep-20260330-easy-002_cover.jpg */ = {isa = PBXFileReference; lastKnownFileType = image.jpeg; path = ep-20260330-easy-002_cover.jpg; sourceTree = "<group>"; };
		C20005 /* ep-20260330-easy-002_en.mp3 */ = {isa = PBXFileReference; lastKnownFileType = audio.mp3; path = ep-20260330-easy-002_en.mp3; sourceTree = "<group>"; };
		C20006 /* ep-20260330-easy-002_zh.mp3 */ = {isa = PBXFileReference; lastKnownFileType = audio.mp3; path = ep-20260330-easy-002_zh.mp3; sourceTree = "<group>"; };
		C20007 /* ep-20260330-hard-001_cover.jpg */ = {isa = PBXFileReference; lastKnownFileType = image.jpeg; path = ep-20260330-hard-001_cover.jpg; sourceTree = "<group>"; };
		C20008 /* ep-20260330-hard-001_en.mp3 */ = {isa = PBXFileReference; lastKnownFileType = audio.mp3; path = ep-20260330-hard-001_en.mp3; sourceTree = "<group>"; };
		C20009 /* ep-20260330-hard-001_zh.mp3 */ = {isa = PBXFileReference; lastKnownFileType = audio.mp3; path = ep-20260330-hard-001_zh.mp3; sourceTree = "<group>"; };
		C20010 /* ep-20260330-hard-002_cover.jpg */ = {isa = PBXFileReference; lastKnownFileType = image.jpeg; path = ep-20260330-hard-002_cover.jpg; sourceTree = "<group>"; };
		C20011 /* ep-20260330-hard-002_en.mp3 */ = {isa = PBXFileReference; lastKnownFileType = audio.mp3; path = ep-20260330-hard-002_en.mp3; sourceTree = "<group>"; };
		C20012 /* ep-20260330-hard-002_zh.mp3 */ = {isa = PBXFileReference; lastKnownFileType = audio.mp3; path = ep-20260330-hard-002_zh.mp3; sourceTree = "<group>"; };
		C20013 /* ep-20260330-medium-001_cover.jpg */ = {isa = PBXFileReference; lastKnownFileType = image.jpeg; path = ep-20260330-medium-001_cover.jpg; sourceTree = "<group>"; };
		C20014 /* ep-20260330-medium-001_en.mp3 */ = {isa = PBXFileReference; lastKnownFileType = audio.mp3; path = ep-20260330-medium-001_en.mp3; sourceTree = "<group>"; };
		C20015 /* ep-20260330-medium-001_zh.mp3 */ = {isa = PBXFileReference; lastKnownFileType = audio.mp3; path = ep-20260330-medium-001_zh.mp3; sourceTree = "<group>"; };
		C20016 /* ep-20260330-medium-002_cover.jpg */ = {isa = PBXFileReference; lastKnownFileType = image.jpeg; path = ep-20260330-medium-002_cover.jpg; sourceTree = "<group>"; };
		C20017 /* ep-20260330-medium-002_en.mp3 */ = {isa = PBXFileReference; lastKnownFileType = audio.mp3; path = ep-20260330-medium-002_en.mp3; sourceTree = "<group>"; };
		C20018 /* ep-20260330-medium-002_zh.mp3 */ = {isa = PBXFileReference; lastKnownFileType = audio.mp3; path = ep-20260330-medium-002_zh.mp3; sourceTree = "<group>"; };
		D20001 /* AchievementsPage.swift */ = {isa = PBXFileReference; lastKnownFileType = sourcecode.swift; path = AchievementsPage.swift; sourceTree = "<group>"; };
/* End PBXFileReference section */

/* Begin PBXFrameworksBuildPhase section */
		A40001 /* Frameworks */ = {
			isa = PBXFrameworksBuildPhase;
			buildActionMask = 2147483647;
			files = (
			);
			runOnlyForDeploymentPostprocessing = 0;
		};
/* End PBXFrameworksBuildPhase section */

/* Begin PBXGroup section */
		A50001 = {
			isa = PBXGroup;
			children = (
				A50002 /* LangPod */,
				A50005 /* Products */,
			);
			sourceTree = "<group>";
		};
		A50002 /* LangPod */ = {
			isa = PBXGroup;
			children = (
				A20001 /* LangPodApp.swift */,
				A20002 /* ContentView.swift */,
				A20003 /* Assets.xcassets */,
				A20011 /* Info.plist */,
				A20012 /* LangPod.entitlements */,
				A20010 /* PrivacyInfo.xcprivacy */,
				A20019 /* Theme.swift */,
				A50003 /* Models */,
				A50004 /* Services */,
				A50006 /* Views */,
				A50007 /* Resources */,
			);
			path = LangPod;
			sourceTree = "<group>";
		};
		A50003 /* Models */ = {
			isa = PBXGroup;
			children = (
				A20005 /* PodcastLevel.swift */,
				A20013 /* Episode.swift */,
				A20024 /* SavedWord.swift */,
				A20030 /* ListeningLevel.swift */,
				A20035 /* ListenedEpisode.swift */,
			);
			path = Models;
			sourceTree = "<group>";
		};
		A50004 /* Services */ = {
			isa = PBXGroup;
			children = (
				A20004 /* DataStore.swift */,
				A20014 /* MockDataLoader.swift */,
				A20020 /* AudioPlayer.swift */,
				A20025 /* VocabularyStore.swift */,
				A20034 /* APIService.swift */,
				B40002 /* WordSpeaker.swift */,
			);
			path = Services;
			sourceTree = "<group>";
		};
		A50005 /* Products */ = {
			isa = PBXGroup;
			children = (
				A30001 /* LangPod.app */,
			);
			name = Products;
			sourceTree = "<group>";
		};
		A50006 /* Views */ = {
			isa = PBXGroup;
			children = (
				A20006 /* HomeView.swift */,
				A20007 /* VocabularyView.swift */,
				A20008 /* StatsView.swift */,
				A20009 /* ProfileView.swift */,
				A20018 /* OnboardingView.swift */,
				A20021 /* PlayerView.swift */,
				A20022 /* SubtitleOverlay.swift */,
				A20023 /* EpisodeCompleteView.swift */,
				A20026 /* MemoryDetailView.swift */,
				A20027 /* MasteryDetailView.swift */,
				A20028 /* WordMatchView.swift */,
				A20029 /* FeynmanChallengeView.swift */,
				A20031 /* LevelUpView.swift */,
				A20032 /* ShareCardView.swift */,
				A20033 /* PaywallView.swift */,
				A20042 /* EpisodeThumbnail.swift */,
				A20046 /* AllEpisodesView.swift */,
				D20001 /* AchievementsPage.swift */,
				B30002 /* EpisodeToast.swift */,
			);
			path = Views;
			sourceTree = "<group>";
		};
		A50007 /* Resources */ = {
			isa = PBXGroup;
			children = (
				A20015 /* episodes_easy.json */,
				A20016 /* episodes_medium.json */,
				A20017 /* episodes_hard.json */,
				B20001 /* ep-20260319-easy-001_en.mp3 */,
				B20002 /* ep-20260319-easy-001_zh.mp3 */,
				B20003 /* ep-20260319-hard-001_en.mp3 */,
				B20004 /* ep-20260319-hard-001_zh.mp3 */,
				B20005 /* ep-20260319-medium-001_en.mp3 */,
				B20006 /* ep-20260319-medium-001_zh.mp3 */,
				B20007 /* ep-20260320-easy-002_en.mp3 */,
				B20008 /* ep-20260320-easy-002_zh.mp3 */,
				B20009 /* ep-20260320-hard-002_en.mp3 */,
				B20010 /* ep-20260320-hard-002_zh.mp3 */,
				B20011 /* ep-20260320-medium-002_en.mp3 */,
				B20012 /* ep-20260320-medium-002_zh.mp3 */,
				B20013 /* ep-20260321-easy-003_en.mp3 */,
				B20014 /* ep-20260321-easy-003_zh.mp3 */,
				B20015 /* ep-20260321-hard-003_en.mp3 */,
				B20016 /* ep-20260321-hard-003_zh.mp3 */,
				B20017 /* ep-20260321-medium-003_en.mp3 */,
				B20018 /* ep-20260321-medium-003_zh.mp3 */,
				B20019 /* ep-20260322-easy-004_en.mp3 */,
				B20020 /* ep-20260322-easy-004_zh.mp3 */,
				B20021 /* ep-20260322-hard-004_en.mp3 */,
				B20022 /* ep-20260322-hard-004_zh.mp3 */,
				B20023 /* ep-20260322-medium-004_en.mp3 */,
				B20024 /* ep-20260322-medium-004_zh.mp3 */,
				B20025 /* ep-20260323-easy-005_en.mp3 */,
				B20026 /* ep-20260323-easy-005_zh.mp3 */,
				B20027 /* ep-20260323-hard-005_en.mp3 */,
				B20028 /* ep-20260323-hard-005_zh.mp3 */,
				B20029 /* ep-20260323-medium-005_en.mp3 */,
				B20030 /* ep-20260323-medium-005_zh.mp3 */,
				B20031 /* ep-20260324-easy-006_en.mp3 */,
				B20032 /* ep-20260324-easy-006_zh.mp3 */,
				B20033 /* ep-20260324-hard-006_en.mp3 */,
				B20034 /* ep-20260324-hard-006_zh.mp3 */,
				B20035 /* ep-20260324-medium-006_en.mp3 */,
				B20036 /* ep-20260324-medium-006_zh.mp3 */,
				B20037 /* ep-20260325-easy-007_en.mp3 */,
				B20038 /* ep-20260325-easy-007_zh.mp3 */,
				B20039 /* ep-20260325-hard-007_en.mp3 */,
				B20040 /* ep-20260325-hard-007_zh.mp3 */,
				B20041 /* ep-20260325-medium-007_en.mp3 */,
				B20042 /* ep-20260325-medium-007_zh.mp3 */,
				B20043 /* ep-20260326-easy-008_en.mp3 */,
				B20044 /* ep-20260326-easy-008_zh.mp3 */,
				B20045 /* ep-20260326-hard-008_en.mp3 */,
				B20046 /* ep-20260326-hard-008_zh.mp3 */,
				B20047 /* ep-20260326-medium-008_en.mp3 */,
				B20048 /* ep-20260326-medium-008_zh.mp3 */,
				B20049 /* ep-20260327-easy-009_en.mp3 */,
				B20050 /* ep-20260327-easy-009_zh.mp3 */,
				B20051 /* ep-20260327-hard-009_en.mp3 */,
				B20052 /* ep-20260327-hard-009_zh.mp3 */,
				B20053 /* ep-20260327-medium-009_en.mp3 */,
				B20054 /* ep-20260327-medium-009_zh.mp3 */,
				B20055 /* ep-20260328-easy-010_en.mp3 */,
				B20056 /* ep-20260328-easy-010_zh.mp3 */,
				B20057 /* ep-20260328-hard-010_en.mp3 */,
				B20058 /* ep-20260328-hard-010_zh.mp3 */,
				B20059 /* ep-20260328-medium-010_en.mp3 */,
				B20060 /* ep-20260328-medium-010_zh.mp3 */,
				B20061 /* ep-20260319-easy-001_cover.jpg */,
				B20062 /* ep-20260319-hard-001_cover.jpg */,
				B20063 /* ep-20260319-medium-001_cover.jpg */,
				B20064 /* ep-20260320-easy-002_cover.jpg */,
				B20065 /* ep-20260320-hard-002_cover.jpg */,
				B20066 /* ep-20260320-medium-002_cover.jpg */,
				B20067 /* ep-20260321-easy-003_cover.jpg */,
				B20068 /* ep-20260321-hard-003_cover.jpg */,
				B20069 /* ep-20260321-medium-003_cover.jpg */,
				B20070 /* ep-20260322-easy-004_cover.jpg */,
				B20071 /* ep-20260322-hard-004_cover.jpg */,
				B20072 /* ep-20260322-medium-004_cover.jpg */,
				B20073 /* ep-20260323-easy-005_cover.jpg */,
				B20074 /* ep-20260323-hard-005_cover.jpg */,
				B20075 /* ep-20260323-medium-005_cover.jpg */,
				B20076 /* ep-20260324-easy-006_cover.jpg */,
				B20077 /* ep-20260324-hard-006_cover.jpg */,
				B20078 /* ep-20260324-medium-006_cover.jpg */,
				B20079 /* ep-20260325-easy-007_cover.jpg */,
				B20080 /* ep-20260325-hard-007_cover.jpg */,
				B20081 /* ep-20260325-medium-007_cover.jpg */,
				B20082 /* ep-20260326-easy-008_cover.jpg */,
				B20083 /* ep-20260326-hard-008_cover.jpg */,
				B20084 /* ep-20260326-medium-008_cover.jpg */,
				B20085 /* ep-20260327-easy-009_cover.jpg */,
				B20086 /* ep-20260327-hard-009_cover.jpg */,
				B20087 /* ep-20260327-medium-009_cover.jpg */,
				B20088 /* ep-20260328-easy-010_cover.jpg */,
				B20089 /* ep-20260328-hard-010_cover.jpg */,
				B20090 /* ep-20260328-medium-010_cover.jpg */,
				C20001 /* ep-20260330-easy-001_cover.jpg */,
				C20002 /* ep-20260330-easy-001_en.mp3 */,
				C20003 /* ep-20260330-easy-001_zh.mp3 */,
				C20004 /* ep-20260330-easy-002_cover.jpg */,
				C20005 /* ep-20260330-easy-002_en.mp3 */,
				C20006 /* ep-20260330-easy-002_zh.mp3 */,
				C20007 /* ep-20260330-hard-001_cover.jpg */,
				C20008 /* ep-20260330-hard-001_en.mp3 */,
				C20009 /* ep-20260330-hard-001_zh.mp3 */,
				C20010 /* ep-20260330-hard-002_cover.jpg */,
				C20011 /* ep-20260330-hard-002_en.mp3 */,
				C20012 /* ep-20260330-hard-002_zh.mp3 */,
				C20013 /* ep-20260330-medium-001_cover.jpg */,
				C20014 /* ep-20260330-medium-001_en.mp3 */,
				C20015 /* ep-20260330-medium-001_zh.mp3 */,
				C20016 /* ep-20260330-medium-002_cover.jpg */,
				C20017 /* ep-20260330-medium-002_en.mp3 */,
				C20018 /* ep-20260330-medium-002_zh.mp3 */,
			);
			path = Resources;
			sourceTree = "<group>";
		};
/* End PBXGroup section */

/* Begin PBXNativeTarget section */
		A60001 /* LangPod */ = {
			isa = PBXNativeTarget;
			buildConfigurationList = A80002 /* Build configuration list for PBXNativeTarget "LangPod" */;
			buildPhases = (
				A70001 /* Sources */,
				A40001 /* Frameworks */,
				A70002 /* Resources */,
			);
			buildRules = (
			);
			dependencies = (
			);
			name = LangPod;
			productName = LangPod;
			productReference = A30001 /* LangPod.app */;
			productType = "com.apple.product-type.application";
		};
/* End PBXNativeTarget section */

/* Begin PBXProject section */
		A90001 /* Project object */ = {
			isa = PBXProject;
			attributes = {
				BuildIndependentTargetsInParallel = 1;
				LastSwiftUpdateCheck = 1600;
				LastUpgradeCheck = 1600;
				TargetAttributes = {
					A60001 = {
						CreatedOnToolsVersion = 16.0;
					};
				};
			};
			buildConfigurationList = A80001 /* Build configuration list for PBXProject "LangPod" */;
			compatibilityVersion = "Xcode 14.0";
			developmentRegion = "zh-Hans";
			hasScannedForEncodings = 0;
			knownRegions = (
				"zh-Hans",
				en,
				ja,
				Base,
			);
			mainGroup = A50001;
			productRefGroup = A50005 /* Products */;
			projectDirPath = "";
			projectRoot = "";
			targets = (
				A60001 /* LangPod */,
			);
		};
/* End PBXProject section */

/* Begin PBXResourcesBuildPhase section */
		A70002 /* Resources */ = {
			isa = PBXResourcesBuildPhase;
			buildActionMask = 2147483647;
			files = (
				A10003 /* Assets.xcassets in Resources */,
				A10010 /* PrivacyInfo.xcprivacy in Resources */,
				A10013 /* episodes_easy.json in Resources */,
				A10014 /* episodes_medium.json in Resources */,
				A10015 /* episodes_hard.json in Resources */,
				B10001 /* ep-20260319-easy-001_en.mp3 in Resources */,
				B10002 /* ep-20260319-easy-001_zh.mp3 in Resources */,
				B10003 /* ep-20260319-hard-001_en.mp3 in Resources */,
				B10004 /* ep-20260319-hard-001_zh.mp3 in Resources */,
				B10005 /* ep-20260319-medium-001_en.mp3 in Resources */,
				B10006 /* ep-20260319-medium-001_zh.mp3 in Resources */,
				B10007 /* ep-20260320-easy-002_en.mp3 in Resources */,
				B10008 /* ep-20260320-easy-002_zh.mp3 in Resources */,
				B10009 /* ep-20260320-hard-002_en.mp3 in Resources */,
				B10010 /* ep-20260320-hard-002_zh.mp3 in Resources */,
				B10011 /* ep-20260320-medium-002_en.mp3 in Resources */,
				B10012 /* ep-20260320-medium-002_zh.mp3 in Resources */,
				B10013 /* ep-20260321-easy-003_en.mp3 in Resources */,
				B10014 /* ep-20260321-easy-003_zh.mp3 in Resources */,
				B10015 /* ep-20260321-hard-003_en.mp3 in Resources */,
				B10016 /* ep-20260321-hard-003_zh.mp3 in Resources */,
				B10017 /* ep-20260321-medium-003_en.mp3 in Resources */,
				B10018 /* ep-20260321-medium-003_zh.mp3 in Resources */,
				B10019 /* ep-20260322-easy-004_en.mp3 in Resources */,
				B10020 /* ep-20260322-easy-004_zh.mp3 in Resources */,
				B10021 /* ep-20260322-hard-004_en.mp3 in Resources */,
				B10022 /* ep-20260322-hard-004_zh.mp3 in Resources */,
				B10023 /* ep-20260322-medium-004_en.mp3 in Resources */,
				B10024 /* ep-20260322-medium-004_zh.mp3 in Resources */,
				B10025 /* ep-20260323-easy-005_en.mp3 in Resources */,
				B10026 /* ep-20260323-easy-005_zh.mp3 in Resources */,
				B10027 /* ep-20260323-hard-005_en.mp3 in Resources */,
				B10028 /* ep-20260323-hard-005_zh.mp3 in Resources */,
				B10029 /* ep-20260323-medium-005_en.mp3 in Resources */,
				B10030 /* ep-20260323-medium-005_zh.mp3 in Resources */,
				B10031 /* ep-20260324-easy-006_en.mp3 in Resources */,
				B10032 /* ep-20260324-easy-006_zh.mp3 in Resources */,
				B10033 /* ep-20260324-hard-006_en.mp3 in Resources */,
				B10034 /* ep-20260324-hard-006_zh.mp3 in Resources */,
				B10035 /* ep-20260324-medium-006_en.mp3 in Resources */,
				B10036 /* ep-20260324-medium-006_zh.mp3 in Resources */,
				B10037 /* ep-20260325-easy-007_en.mp3 in Resources */,
				B10038 /* ep-20260325-easy-007_zh.mp3 in Resources */,
				B10039 /* ep-20260325-hard-007_en.mp3 in Resources */,
				B10040 /* ep-20260325-hard-007_zh.mp3 in Resources */,
				B10041 /* ep-20260325-medium-007_en.mp3 in Resources */,
				B10042 /* ep-20260325-medium-007_zh.mp3 in Resources */,
				B10043 /* ep-20260326-easy-008_en.mp3 in Resources */,
				B10044 /* ep-20260326-easy-008_zh.mp3 in Resources */,
				B10045 /* ep-20260326-hard-008_en.mp3 in Resources */,
				B10046 /* ep-20260326-hard-008_zh.mp3 in Resources */,
				B10047 /* ep-20260326-medium-008_en.mp3 in Resources */,
				B10048 /* ep-20260326-medium-008_zh.mp3 in Resources */,
				B10049 /* ep-20260327-easy-009_en.mp3 in Resources */,
				B10050 /* ep-20260327-easy-009_zh.mp3 in Resources */,
				B10051 /* ep-20260327-hard-009_en.mp3 in Resources */,
				B10052 /* ep-20260327-hard-009_zh.mp3 in Resources */,
				B10053 /* ep-20260327-medium-009_en.mp3 in Resources */,
				B10054 /* ep-20260327-medium-009_zh.mp3 in Resources */,
				B10055 /* ep-20260328-easy-010_en.mp3 in Resources */,
				B10056 /* ep-20260328-easy-010_zh.mp3 in Resources */,
				B10057 /* ep-20260328-hard-010_en.mp3 in Resources */,
				B10058 /* ep-20260328-hard-010_zh.mp3 in Resources */,
				B10059 /* ep-20260328-medium-010_en.mp3 in Resources */,
				B10060 /* ep-20260328-medium-010_zh.mp3 in Resources */,
				B10061 /* ep-20260319-easy-001_cover.jpg in Resources */,
				B10062 /* ep-20260319-hard-001_cover.jpg in Resources */,
				B10063 /* ep-20260319-medium-001_cover.jpg in Resources */,
				B10064 /* ep-20260320-easy-002_cover.jpg in Resources */,
				B10065 /* ep-20260320-hard-002_cover.jpg in Resources */,
				B10066 /* ep-20260320-medium-002_cover.jpg in Resources */,
				B10067 /* ep-20260321-easy-003_cover.jpg in Resources */,
				B10068 /* ep-20260321-hard-003_cover.jpg in Resources */,
				B10069 /* ep-20260321-medium-003_cover.jpg in Resources */,
				B10070 /* ep-20260322-easy-004_cover.jpg in Resources */,
				B10071 /* ep-20260322-hard-004_cover.jpg in Resources */,
				B10072 /* ep-20260322-medium-004_cover.jpg in Resources */,
				B10073 /* ep-20260323-easy-005_cover.jpg in Resources */,
				B10074 /* ep-20260323-hard-005_cover.jpg in Resources */,
				B10075 /* ep-20260323-medium-005_cover.jpg in Resources */,
				B10076 /* ep-20260324-easy-006_cover.jpg in Resources */,
				B10077 /* ep-20260324-hard-006_cover.jpg in Resources */,
				B10078 /* ep-20260324-medium-006_cover.jpg in Resources */,
				B10079 /* ep-20260325-easy-007_cover.jpg in Resources */,
				B10080 /* ep-20260325-hard-007_cover.jpg in Resources */,
				B10081 /* ep-20260325-medium-007_cover.jpg in Resources */,
				B10082 /* ep-20260326-easy-008_cover.jpg in Resources */,
				B10083 /* ep-20260326-hard-008_cover.jpg in Resources */,
				B10084 /* ep-20260326-medium-008_cover.jpg in Resources */,
				B10085 /* ep-20260327-easy-009_cover.jpg in Resources */,
				B10086 /* ep-20260327-hard-009_cover.jpg in Resources */,
				B10087 /* ep-20260327-medium-009_cover.jpg in Resources */,
				B10088 /* ep-20260328-easy-010_cover.jpg in Resources */,
				B10089 /* ep-20260328-hard-010_cover.jpg in Resources */,
				B10090 /* ep-20260328-medium-010_cover.jpg in Resources */,
				C10001 /* ep-20260330-easy-001_cover.jpg in Resources */,
				C10002 /* ep-20260330-easy-001_en.mp3 in Resources */,
				C10003 /* ep-20260330-easy-001_zh.mp3 in Resources */,
				C10004 /* ep-20260330-easy-002_cover.jpg in Resources */,
				C10005 /* ep-20260330-easy-002_en.mp3 in Resources */,
				C10006 /* ep-20260330-easy-002_zh.mp3 in Resources */,
				C10007 /* ep-20260330-hard-001_cover.jpg in Resources */,
				C10008 /* ep-20260330-hard-001_en.mp3 in Resources */,
				C10009 /* ep-20260330-hard-001_zh.mp3 in Resources */,
				C10010 /* ep-20260330-hard-002_cover.jpg in Resources */,
				C10011 /* ep-20260330-hard-002_en.mp3 in Resources */,
				C10012 /* ep-20260330-hard-002_zh.mp3 in Resources */,
				C10013 /* ep-20260330-medium-001_cover.jpg in Resources */,
				C10014 /* ep-20260330-medium-001_en.mp3 in Resources */,
				C10015 /* ep-20260330-medium-001_zh.mp3 in Resources */,
				C10016 /* ep-20260330-medium-002_cover.jpg in Resources */,
				C10017 /* ep-20260330-medium-002_en.mp3 in Resources */,
				C10018 /* ep-20260330-medium-002_zh.mp3 in Resources */,
			);
			runOnlyForDeploymentPostprocessing = 0;
		};
/* End PBXResourcesBuildPhase section */

/* Begin PBXSourcesBuildPhase section */
		A70001 /* Sources */ = {
			isa = PBXSourcesBuildPhase;
			buildActionMask = 2147483647;
			files = (
				A10001 /* LangPodApp.swift in Sources */,
				A10002 /* ContentView.swift in Sources */,
				A10004 /* DataStore.swift in Sources */,
				A10005 /* PodcastLevel.swift in Sources */,
				A10006 /* HomeView.swift in Sources */,
				A10007 /* VocabularyView.swift in Sources */,
				A10008 /* StatsView.swift in Sources */,
				A10009 /* ProfileView.swift in Sources */,
				A10011 /* Episode.swift in Sources */,
				A10012 /* MockDataLoader.swift in Sources */,
				A10016 /* OnboardingView.swift in Sources */,
				A10017 /* Theme.swift in Sources */,
				A10018 /* AudioPlayer.swift in Sources */,
				A10019 /* PlayerView.swift in Sources */,
				A10020 /* SubtitleOverlay.swift in Sources */,
				A10021 /* EpisodeCompleteView.swift in Sources */,
				A10022 /* SavedWord.swift in Sources */,
				A10023 /* VocabularyStore.swift in Sources */,
				A10024 /* MemoryDetailView.swift in Sources */,
				A10025 /* MasteryDetailView.swift in Sources */,
				A10026 /* WordMatchView.swift in Sources */,
				A10027 /* FeynmanChallengeView.swift in Sources */,
				A10028 /* ListeningLevel.swift in Sources */,
				A10029 /* LevelUpView.swift in Sources */,
				A10030 /* ShareCardView.swift in Sources */,
				A10031 /* PaywallView.swift in Sources */,
				A10032 /* APIService.swift in Sources */,
				A10033 /* ListenedEpisode.swift in Sources */,
				A10040 /* EpisodeThumbnail.swift in Sources */,
				A10044 /* AllEpisodesView.swift in Sources */,
				B30001 /* EpisodeToast.swift in Sources */,
				B40001 /* WordSpeaker.swift in Sources */,
				D10001 /* AchievementsPage.swift in Sources */,
			);
			runOnlyForDeploymentPostprocessing = 0;
		};
/* End PBXSourcesBuildPhase section */

/* Begin XCBuildConfiguration section */
		AB0001 /* Debug */ = {
			isa = XCBuildConfiguration;
			buildSettings = {
				ALWAYS_SEARCH_USER_PATHS = NO;
				ASSETCATALOG_COMPILER_GENERATE_SWIFT_ASSET_SYMBOL_EXTENSIONS = YES;
				CLANG_ANALYZER_NONNULL = YES;
				CLANG_ANALYZER_NUMBER_OBJECT_CONVERSION = YES_AGGRESSIVE;
				CLANG_CXX_LANGUAGE_STANDARD = "gnu++20";
				CLANG_ENABLE_MODULES = YES;
				CLANG_ENABLE_OBJC_ARC = YES;
				CLANG_ENABLE_OBJC_WEAK = YES;
				CLANG_WARN_BLOCK_CAPTURE_AUTORELEASING = YES;
				CLANG_WARN_BOOL_CONVERSION = YES;
				CLANG_WARN_COMMA = YES;
				CLANG_WARN_CONSTANT_CONVERSION = YES;
				CLANG_WARN_DEPRECATED_OBJC_IMPLEMENTATIONS = YES;
				CLANG_WARN_DIRECT_OBJC_ISA_USAGE = YES_ERROR;
				CLANG_WARN_DOCUMENTATION_COMMENTS = YES;
				CLANG_WARN_EMPTY_BODY = YES;
				CLANG_WARN_ENUM_CONVERSION = YES;
				CLANG_WARN_INFINITE_RECURSION = YES;
				CLANG_WARN_INT_CONVERSION = YES;
				CLANG_WARN_NON_LITERAL_NULL_CONVERSION = YES;
				CLANG_WARN_OBJC_IMPLICIT_RETAIN_SELF = YES;
				CLANG_WARN_OBJC_LITERAL_CONVERSION = YES;
				CLANG_WARN_OBJC_ROOT_CLASS = YES_ERROR;
				CLANG_WARN_QUOTED_INCLUDE_IN_FRAMEWORK_HEADER = YES;
				CLANG_WARN_RANGE_LOOP_ANALYSIS = YES;
				CLANG_WARN_STRICT_PROTOTYPES = YES;
				CLANG_WARN_SUSPICIOUS_MOVE = YES;
				CLANG_WARN_UNGUARDED_AVAILABILITY = YES_AGGRESSIVE;
				CLANG_WARN_UNREACHABLE_CODE = YES;
				CLANG_WARN__DUPLICATE_METHOD_MATCH = YES;
				COPY_PHASE_STRIP = NO;
				DEBUG_INFORMATION_FORMAT = dwarf;
				ENABLE_STRICT_OBJC_MSGSEND = YES;
				ENABLE_TESTABILITY = YES;
				ENABLE_USER_SCRIPT_SANDBOXING = YES;
				GCC_C_LANGUAGE_STANDARD = gnu17;
				GCC_DYNAMIC_NO_PIC = NO;
				GCC_NO_COMMON_BLOCKS = YES;
				GCC_OPTIMIZATION_LEVEL = 0;
				GCC_PREPROCESSOR_DEFINITIONS = (
					"DEBUG=1",
					"$(inherited)",
				);
				GCC_WARN_64_TO_32_BIT_CONVERSION = YES;
				GCC_WARN_ABOUT_RETURN_TYPE = YES_ERROR;
				GCC_WARN_UNDECLARED_SELECTOR = YES;
				GCC_WARN_UNINITIALIZED_AUTOS = YES_AGGRESSIVE;
				GCC_WARN_UNUSED_FUNCTION = YES;
				GCC_WARN_UNUSED_VARIABLE = YES;
				IPHONEOS_DEPLOYMENT_TARGET = 17.0;
				LOCALIZATION_PREFERS_STRING_CATALOGS = YES;
				MTL_ENABLE_DEBUG_INFO = INCLUDE_SOURCE;
				MTL_FAST_MATH = YES;
				ONLY_ACTIVE_ARCH = YES;
				SDKROOT = iphoneos;
				SWIFT_ACTIVE_COMPILATION_CONDITIONS = "DEBUG $(inherited)";
				SWIFT_EMIT_LOC_STRINGS = YES;
				SWIFT_OPTIMIZATION_LEVEL = "-Onone";
			};
			name = Debug;
		};
		AB0002 /* Release */ = {
			isa = XCBuildConfiguration;
			buildSettings = {
				ALWAYS_SEARCH_USER_PATHS = NO;
				ASSETCATALOG_COMPILER_GENERATE_SWIFT_ASSET_SYMBOL_EXTENSIONS = YES;
				CLANG_ANALYZER_NONNULL = YES;
				CLANG_ANALYZER_NUMBER_OBJECT_CONVERSION = YES_AGGRESSIVE;
				CLANG_CXX_LANGUAGE_STANDARD = "gnu++20";
				CLANG_ENABLE_MODULES = YES;
				CLANG_ENABLE_OBJC_ARC = YES;
				CLANG_ENABLE_OBJC_WEAK = YES;
				CLANG_WARN_BLOCK_CAPTURE_AUTORELEASING = YES;
				CLANG_WARN_BOOL_CONVERSION = YES;
				CLANG_WARN_COMMA = YES;
				CLANG_WARN_CONSTANT_CONVERSION = YES;
				CLANG_WARN_DEPRECATED_OBJC_IMPLEMENTATIONS = YES;
				CLANG_WARN_DIRECT_OBJC_ISA_USAGE = YES_ERROR;
				CLANG_WARN_DOCUMENTATION_COMMENTS = YES;
				CLANG_WARN_EMPTY_BODY = YES;
				CLANG_WARN_ENUM_CONVERSION = YES;
				CLANG_WARN_INFINITE_RECURSION = YES;
				CLANG_WARN_INT_CONVERSION = YES;
				CLANG_WARN_NON_LITERAL_NULL_CONVERSION = YES;
				CLANG_WARN_OBJC_IMPLICIT_RETAIN_SELF = YES;
				CLANG_WARN_OBJC_LITERAL_CONVERSION = YES;
				CLANG_WARN_OBJC_ROOT_CLASS = YES_ERROR;
				CLANG_WARN_QUOTED_INCLUDE_IN_FRAMEWORK_HEADER = YES;
				CLANG_WARN_RANGE_LOOP_ANALYSIS = YES;
				CLANG_WARN_STRICT_PROTOTYPES = YES;
				CLANG_WARN_SUSPICIOUS_MOVE = YES;
				CLANG_WARN_UNGUARDED_AVAILABILITY = YES_AGGRESSIVE;
				CLANG_WARN_UNREACHABLE_CODE = YES;
				CLANG_WARN__DUPLICATE_METHOD_MATCH = YES;
				COPY_PHASE_STRIP = NO;
				DEBUG_INFORMATION_FORMAT = "dwarf-with-dsym";
				ENABLE_NS_ASSERTIONS = NO;
				ENABLE_STRICT_OBJC_MSGSEND = YES;
				ENABLE_USER_SCRIPT_SANDBOXING = YES;
				GCC_C_LANGUAGE_STANDARD = gnu17;
				GCC_NO_COMMON_BLOCKS = YES;
				GCC_WARN_64_TO_32_BIT_CONVERSION = YES;
				GCC_WARN_ABOUT_RETURN_TYPE = YES_ERROR;
				GCC_WARN_UNDECLARED_SELECTOR = YES;
				GCC_WARN_UNINITIALIZED_AUTOS = YES_AGGRESSIVE;
				GCC_WARN_UNUSED_FUNCTION = YES;
				GCC_WARN_UNUSED_VARIABLE = YES;
				IPHONEOS_DEPLOYMENT_TARGET = 17.0;
				LOCALIZATION_PREFERS_STRING_CATALOGS = YES;
				MTL_ENABLE_DEBUG_INFO = NO;
				MTL_FAST_MATH = YES;
				SDKROOT = iphoneos;
				SWIFT_COMPILATION_MODE = wholemodule;
				SWIFT_EMIT_LOC_STRINGS = YES;
				VALIDATE_PRODUCT = YES;
			};
			name = Release;
		};
		AB0003 /* Debug */ = {
			isa = XCBuildConfiguration;
			buildSettings = {
				ASSETCATALOG_COMPILER_APPICON_NAME = AppIcon;
				ASSETCATALOG_COMPILER_GLOBAL_ACCENT_COLOR_NAME = AccentColor;
				CODE_SIGN_ENTITLEMENTS = LangPod/LangPod.entitlements;
				CODE_SIGN_STYLE = Automatic;
				CURRENT_PROJECT_VERSION = 1;
				DEVELOPMENT_TEAM = 5GK8J334QK;
				GENERATE_INFOPLIST_FILE = YES;
				INFOPLIST_FILE = LangPod/Info.plist;
				INFOPLIST_KEY_CFBundleDisplayName = Castlingo;
				INFOPLIST_KEY_LSApplicationCategoryType = "public.app-category.education";
				INFOPLIST_KEY_UIApplicationSceneManifest_Generation = YES;
				INFOPLIST_KEY_UIApplicationSupportsIndirectInputEvents = YES;
				INFOPLIST_KEY_UILaunchScreen_Generation = YES;
				INFOPLIST_KEY_UISupportedInterfaceOrientations = UIInterfaceOrientationPortrait;
				INFOPLIST_KEY_UISupportedInterfaceOrientations_iPad = "UIInterfaceOrientationLandscapeLeft UIInterfaceOrientationLandscapeRight UIInterfaceOrientationPortrait UIInterfaceOrientationPortraitUpsideDown";
				LD_RUNPATH_SEARCH_PATHS = (
					"$(inherited)",
					"@executable_path/Frameworks",
				);
				MARKETING_VERSION = 1.0.0;
				PRODUCT_BUNDLE_IDENTIFIER = com.amyhuang.castlingo;
				PRODUCT_NAME = "$(TARGET_NAME)";
				SUPPORTED_PLATFORMS = "iphoneos iphonesimulator";
				SUPPORTS_MACCATALYST = NO;
				SWIFT_VERSION = 5.0;
				TARGETED_DEVICE_FAMILY = 1;
			};
			name = Debug;
		};
		AB0004 /* Release */ = {
			isa = XCBuildConfiguration;
			buildSettings = {
				ASSETCATALOG_COMPILER_APPICON_NAME = AppIcon;
				ASSETCATALOG_COMPILER_GLOBAL_ACCENT_COLOR_NAME = AccentColor;
				CODE_SIGN_ENTITLEMENTS = LangPod/LangPod.entitlements;
				CODE_SIGN_STYLE = Automatic;
				CURRENT_PROJECT_VERSION = 1;
				DEVELOPMENT_TEAM = 5GK8J334QK;
				GENERATE_INFOPLIST_FILE = YES;
				INFOPLIST_FILE = LangPod/Info.plist;
				INFOPLIST_KEY_CFBundleDisplayName = Castlingo;
				INFOPLIST_KEY_LSApplicationCategoryType = "public.app-category.education";
				INFOPLIST_KEY_UIApplicationSceneManifest_Generation = YES;
				INFOPLIST_KEY_UIApplicationSupportsIndirectInputEvents = YES;
				INFOPLIST_KEY_UILaunchScreen_Generation = YES;
				INFOPLIST_KEY_UISupportedInterfaceOrientations = UIInterfaceOrientationPortrait;
				INFOPLIST_KEY_UISupportedInterfaceOrientations_iPad = "UIInterfaceOrientationLandscapeLeft UIInterfaceOrientationLandscapeRight UIInterfaceOrientationPortrait UIInterfaceOrientationPortraitUpsideDown";
				LD_RUNPATH_SEARCH_PATHS = (
					"$(inherited)",
					"@executable_path/Frameworks",
				);
				MARKETING_VERSION = 1.0.0;
				PRODUCT_BUNDLE_IDENTIFIER = com.amyhuang.castlingo;
				PRODUCT_NAME = "$(TARGET_NAME)";
				SUPPORTED_PLATFORMS = "iphoneos iphonesimulator";
				SUPPORTS_MACCATALYST = NO;
				SWIFT_VERSION = 5.0;
				TARGETED_DEVICE_FAMILY = 1;
			};
			name = Release;
		};
/* End XCBuildConfiguration section */

/* Begin XCConfigurationList section */
		A80001 /* Build configuration list for PBXProject "LangPod" */ = {
			isa = XCConfigurationList;
			buildConfigurations = (
				AB0001 /* Debug */,
				AB0002 /* Release */,
			);
			defaultConfigurationIsVisible = 0;
			defaultConfigurationName = Release;
		};
		A80002 /* Build configuration list for PBXNativeTarget "LangPod" */ = {
			isa = XCConfigurationList;
			buildConfigurations = (
				AB0003 /* Debug */,
				AB0004 /* Release */,
			);
			defaultConfigurationIsVisible = 0;
			defaultConfigurationName = Release;
		};
/* End XCConfigurationList section */

	};
	rootObject = A90001 /* Project object */;
}
